
Microsoft Visual Studio Solution File, Format Version 12.00
# Visual Studio Version 16
VisualStudioVersion = 16.0.31702.278
MinimumVisualStudioVersion = 10.0.40219.1
Project("{9A19103F-16F7-4668-BE54-9A1E7A4F7556}") = "SmartHotel-WebAPI", "SmartHotel-WebAPI\SmartHotel-WebAPI.csproj", "{11EFA95B-0D10-42A1-B18F-4D10B1F7E6A4}"
EndProject
Project("{2150E333-8FDC-42A3-9474-1A3956D46DE8}") = "SmartHotel.Application", "SmartHotel.Application", "{452C114E-CEB9-4A4C-887B-4107AEF5DF89}"
EndProject
Project("{2150E333-8FDC-42A3-9474-1A3956D46DE8}") = "SmartHotel.Infra", "SmartHotel.Infra", "{79F81E3C-58E5-4866-A897-34BA64A18954}"
EndProject
Project("{2150E333-8FDC-42A3-9474-1A3956D46DE8}") = "SmartHotel.Domain", "SmartHotel.Domain", "{2C5A2EE2-55BA-4397-920B-B37D82EDE778}"
EndProject
Project("{9A19103F-16F7-4668-BE54-9A1E7A4F7556}") = "SmartHotel.Domain", "SmartHotel.Domain\SmartHotel.Domain\SmartHotel.Domain.csproj", "{6BA784E1-9A02-444A-A3A0-D68A70731BF0}"
EndProject
Project("{9A19103F-16F7-4668-BE54-9A1E7A4F7556}") = "SmartHotel.Application", "SmartHotel.Application\SmartHotel.Application\SmartHotel.Application.csproj", "{07AA6159-7FCD-4674-A1B4-F3A5A8EAC055}"
EndProject
Project("{9A19103F-16F7-4668-BE54-9A1E7A4F7556}") = "SmartHotel.Domain.Services", "SmartHotel.Domain\SmartHotel.Domain.Services\SmartHotel.Domain.Services.csproj", "{7D8E7210-016A-41D8-B808-CB24D2642781}"
EndProject
Project("{9A19103F-16F7-4668-BE54-9A1E7A4F7556}") = "SmartHotel.Domain.Core", "SmartHotel.Domain\SmartHotel.Domain.Core\SmartHotel.Domain.Core.csproj", "{32574921-4B96-4BF5-80DD-C2E87DECF310}"
EndProject
Project("{9A19103F-16F7-4668-BE54-9A1E7A4F7556}") = "SmartHotel.Data", "SmartHotel.Infra\SmartHotel.Data\SmartHotel.Data.csproj", "{4A8D02F1-7937-49E4-BEED-E52C86CF48D1}"
EndProject
Project("{9A19103F-16F7-4668-BE54-9A1E7A4F7556}") = "SmartHotel.IoC", "SmartHotel.Infra\SmartHotel.IoC\SmartHotel.IoC.csproj", "{493491F8-FB0F-4ED6-8238-F6A47462D157}"
EndProject
Project("{2150E333-8FDC-42A3-9474-1A3956D46DE8}") = "SmartHotel.Query.Domain", "SmartHotel.Query.Domain", "{27437DD4-AA5F-48AA-8870-D29B094715BE}"
EndProject
Project("{9A19103F-16F7-4668-BE54-9A1E7A4F7556}") = "SmartHotel.Query.Domain", "SmartHotel.Query.Domain\SmartHotel.Query.Domain\SmartHotel.Query.Domain.csproj", "{5086A84D-9ECB-4273-8C42-66374B7B51BB}"
EndProject
Project("{2150E333-8FDC-42A3-9474-1A3956D46DE8}") = "SmartHotel.Query.Application", "SmartHotel.Query.Application", "{7D18E9E0-2B46-4CCD-998A-0C88BB57BE54}"
EndProject
Project("{9A19103F-16F7-4668-BE54-9A1E7A4F7556}") = "SmartHotel.Query.Application", "SmartHotel.Query.Application\SmartHotel.Query.Application\SmartHotel.Query.Application.csproj", "{B1C1DAF3-8700-482F-897F-B66178B35CEE}"
EndProject
Project("{9A19103F-16F7-4668-BE54-9A1E7A4F7556}") = "SmartHotel.Query.Domain.Core", "SmartHotel.Query.Domain\SmartHotel.Query.Domain.Core\SmartHotel.Query.Domain.Core.csproj", "{58F10A3C-8814-4283-8537-893B46BC8FE8}"
EndProject
Project("{9A19103F-16F7-4668-BE54-9A1E7A4F7556}") = "SmartHotel.Query.Domain.Services", "SmartHotel.Query.Domain\SmartHotel.Query.Domain.Services\SmartHotel.Query.Domain.Services.csproj", "{D24EAA15-F8AA-475E-9415-E7A3907CCA34}"
EndProject
Project("{2150E333-8FDC-42A3-9474-1A3956D46DE8}") = "SmartHotel.Query.Infra", "SmartHotel.Query.Infra", "{555EAA80-39FA-4988-9B65-F064F551292E}"
EndProject
Project("{9A19103F-16F7-4668-BE54-9A1E7A4F7556}") = "SmartHotel.Query.Data", "SmartHotel.Query.Infra\SmartHotel.Query.Data\SmartHotel.Query.Data.csproj", "{C002DC43-6B31-4770-8763-E6F20555E705}"
EndProject
Project("{9A19103F-16F7-4668-BE54-9A1E7A4F7556}") = "SmartHotel.Query.IoC", "SmartHotel.Query.Infra\SmartHotel.Query.IoC\SmartHotel.Query.IoC.csproj", "{6BBB0979-47DC-41A2-9D7D-64A5CCEE50A0}"
EndProject
Project("{2150E333-8FDC-42A3-9474-1A3956D46DE8}") = "Command", "Command", "{2FE8CE55-8461-4B99-A37A-E90D4A9F9302}"
EndProject
Project("{2150E333-8FDC-42A3-9474-1A3956D46DE8}") = "Query", "Query", "{39B7EE06-6A51-45F4-BB6D-C4D0E9207900}"
EndProject
Project("{FAE04EC0-301F-11D3-BF4B-00C04F79EFBC}") = "SmartHotel-WebAPI-Test", "..\SmartHotel-WebAPI-Test\SmartHotel-WebAPI-Test.csproj", "{CF5A5C10-DEE3-41A3-B50E-142288DAA618}"
EndProject
Global
	GlobalSection(SolutionConfigurationPlatforms) = preSolution
		Debug|Any CPU = Debug|Any CPU
		Release|Any CPU = Release|Any CPU
	EndGlobalSection
	GlobalSection(ProjectConfigurationPlatforms) = postSolution
		{11EFA95B-0D10-42A1-B18F-4D10B1F7E6A4}.Debug|Any CPU.ActiveCfg = Debug|Any CPU
		{11EFA95B-0D10-42A1-B18F-4D10B1F7E6A4}.Debug|Any CPU.Build.0 = Debug|Any CPU
		{11EFA95B-0D10-42A1-B18F-4D10B1F7E6A4}.Release|Any CPU.ActiveCfg = Release|Any CPU
		{11EFA95B-0D10-42A1-B18F-4D10B1F7E6A4}.Release|Any CPU.Build.0 = Release|Any CPU
		{6BA784E1-9A02-444A-A3A0-D68A70731BF0}.Debug|Any CPU.ActiveCfg = Debug|Any CPU
		{6BA784E1-9A02-444A-A3A0-D68A70731BF0}.Debug|Any CPU.Build.0 = Debug|Any CPU
		{6BA784E1-9A02-444A-A3A0-D68A70731BF0}.Release|Any CPU.ActiveCfg = Release|Any CPU
		{6BA784E1-9A02-444A-A3A0-D68A70731BF0}.Release|Any CPU.Build.0 = Release|Any CPU
		{07AA6159-7FCD-4674-A1B4-F3A5A8EAC055}.Debug|Any CPU.ActiveCfg = Debug|Any CPU
		{07AA6159-7FCD-4674-A1B4-F3A5A8EAC055}.Debug|Any CPU.Build.0 = Debug|Any CPU
		{07AA6159-7FCD-4674-A1B4-F3A5A8EAC055}.Release|Any CPU.ActiveCfg = Release|Any CPU
		{07AA6159-7FCD-4674-A1B4-F3A5A8EAC055}.Release|Any CPU.Build.0 = Release|Any CPU
		{7D8E7210-016A-41D8-B808-CB24D2642781}.Debug|Any CPU.ActiveCfg = Debug|Any CPU
		{7D8E7210-016A-41D8-B808-CB24D2642781}.Debug|Any CPU.Build.0 = Debug|Any CPU
		{7D8E7210-016A-41D8-B808-CB24D2642781}.Release|Any CPU.ActiveCfg = Release|Any CPU
		{7D8E7210-016A-41D8-B808-CB24D2642781}.Release|Any CPU.Build.0 = Release|Any CPU
		{32574921-4B96-4BF5-80DD-C2E87DECF310}.Debug|Any CPU.ActiveCfg = Debug|Any CPU
		{32574921-4B96-4BF5-80DD-C2E87DECF310}.Debug|Any CPU.Build.0 = Debug|Any CPU
		{32574921-4B96-4BF5-80DD-C2E87DECF310}.Release|Any CPU.ActiveCfg = Release|Any CPU
		{32574921-4B96-4BF5-80DD-C2E87DECF310}.Release|Any CPU.Build.0 = Release|Any CPU
		{4A8D02F1-7937-49E4-BEED-E52C86CF48D1}.Debug|Any CPU.ActiveCfg = Debug|Any CPU
		{4A8D02F1-7937-49E4-BEED-E52C86CF48D1}.Debug|Any CPU.Build.0 = Debug|Any CPU
		{4A8D02F1-7937-49E4-BEED-E52C86CF48D1}.Release|Any CPU.ActiveCfg = Release|Any CPU
		{4A8D02F1-7937-49E4-BEED-E52C86CF48D1}.Release|Any CPU.Build.0 = Release|Any CPU
		{493491F8-FB0F-4ED6-8238-F6A47462D157}.Debug|Any CPU.ActiveCfg = Debug|Any CPU
		{493491F8-FB0F-4ED6-8238-F6A47462D157}.Debug|Any CPU.Build.0 = Debug|Any CPU
		{493491F8-FB0F-4ED6-8238-F6A47462D157}.Release|Any CPU.ActiveCfg = Release|Any CPU
		{493491F8-FB0F-4ED6-8238-F6A47462D157}.Release|Any CPU.Build.0 = Release|Any CPU
		{5086A84D-9ECB-4273-8C42-66374B7B51BB}.Debug|Any CPU.ActiveCfg = Debug|Any CPU
		{5086A84D-9ECB-4273-8C42-66374B7B51BB}.Debug|Any CPU.Build.0 = Debug|Any CPU
		{5086A84D-9ECB-4273-8C42-66374B7B51BB}.Release|Any CPU.ActiveCfg = Release|Any CPU
		{5086A84D-9ECB-4273-8C42-66374B7B51BB}.Release|Any CPU.Build.0 = Release|Any CPU
		{B1C1DAF3-8700-482F-897F-B66178B35CEE}.Debug|Any CPU.ActiveCfg = Debug|Any CPU
		{B1C1DAF3-8700-482F-897F-B66178B35CEE}.Debug|Any CPU.Build.0 = Debug|Any CPU
		{B1C1DAF3-8700-482F-897F-B66178B35CEE}.Release|Any CPU.ActiveCfg = Release|Any CPU
		{B1C1DAF3-8700-482F-897F-B66178B35CEE}.Release|Any CPU.Build.0 = Release|Any CPU
		{58F10A3C-8814-4283-8537-893B46BC8FE8}.Debug|Any CPU.ActiveCfg = Debug|Any CPU
		{58F10A3C-8814-4283-8537-893B46BC8FE8}.Debug|Any CPU.Build.0 = Debug|Any CPU
		{58F10A3C-8814-4283-8537-893B46BC8FE8}.Release|Any CPU.ActiveCfg = Release|Any CPU
		{58F10A3C-8814-4283-8537-893B46BC8FE8}.Release|Any CPU.Build.0 = Release|Any CPU
		{D24EAA15-F8AA-475E-9415-E7A3907CCA34}.Debug|Any CPU.ActiveCfg = Debug|Any CPU
		{D24EAA15-F8AA-475E-9415-E7A3907CCA34}.Debug|Any CPU.Build.0 = Debug|Any CPU
		{D24EAA15-F8AA-475E-9415-E7A3907CCA34}.Release|Any CPU.ActiveCfg = Release|Any CPU
		{D24EAA15-F8AA-475E-9415-E7A3907CCA34}.Release|Any CPU.Build.0 = Release|Any CPU
		{C002DC43-6B31-4770-8763-E6F20555E705}.Debug|Any CPU.ActiveCfg = Debug|Any CPU
		{C002DC43-6B31-4770-8763-E6F20555E705}.Debug|Any CPU.Build.0 = Debug|Any CPU
		{C002DC43-6B31-4770-8763-E6F20555E705}.Release|Any CPU.ActiveCfg = Release|Any CPU
		{C002DC43-6B31-4770-8763-E6F20555E705}.Release|Any CPU.Build.0 = Release|Any CPU
		{6BBB0979-47DC-41A2-9D7D-64A5CCEE50A0}.Debug|Any CPU.ActiveCfg = Debug|Any CPU
		{6BBB0979-47DC-41A2-9D7D-64A5CCEE50A0}.Debug|Any CPU.Build.0 = Debug|Any CPU
		{6BBB0979-47DC-41A2-9D7D-64A5CCEE50A0}.Release|Any CPU.ActiveCfg = Release|Any CPU
		{6BBB0979-47DC-41A2-9D7D-64A5CCEE50A0}.Release|Any CPU.Build.0 = Release|Any CPU
		{CF5A5C10-DEE3-41A3-B50E-142288DAA618}.Debug|Any CPU.ActiveCfg = Debug|Any CPU
		{CF5A5C10-DEE3-41A3-B50E-142288DAA618}.Debug|Any CPU.Build.0 = Debug|Any CPU
		{CF5A5C10-DEE3-41A3-B50E-142288DAA618}.Release|Any CPU.ActiveCfg = Release|Any CPU
		{CF5A5C10-DEE3-41A3-B50E-142288DAA618}.Release|Any CPU.Build.0 = Release|Any CPU
	EndGlobalSection
	GlobalSection(SolutionProperties) = preSolution
		HideSolutionNode = FALSE
	EndGlobalSection
	GlobalSection(NestedProjects) = preSolution
		{452C114E-CEB9-4A4C-887B-4107AEF5DF89} = {2FE8CE55-8461-4B99-A37A-E90D4A9F9302}
		{79F81E3C-58E5-4866-A897-34BA64A18954} = {2FE8CE55-8461-4B99-A37A-E90D4A9F9302}
		{2C5A2EE2-55BA-4397-920B-B37D82EDE778} = {2FE8CE55-8461-4B99-A37A-E90D4A9F9302}
		{6BA784E1-9A02-444A-A3A0-D68A70731BF0} = {2C5A2EE2-55BA-4397-920B-B37D82EDE778}
		{07AA6159-7FCD-4674-A1B4-F3A5A8EAC055} = {452C114E-CEB9-4A4C-887B-4107AEF5DF89}
		{7D8E7210-016A-41D8-B808-CB24D2642781} = {2C5A2EE2-55BA-4397-920B-B37D82EDE778}
		{32574921-4B96-4BF5-80DD-C2E87DECF310} = {2C5A2EE2-55BA-4397-920B-B37D82EDE778}
		{4A8D02F1-7937-49E4-BEED-E52C86CF48D1} = {79F81E3C-58E5-4866-A897-34BA64A18954}
		{493491F8-FB0F-4ED6-8238-F6A47462D157} = {79F81E3C-58E5-4866-A897-34BA64A18954}
		{27437DD4-AA5F-48AA-8870-D29B094715BE} = {39B7EE06-6A51-45F4-BB6D-C4D0E9207900}
		{5086A84D-9ECB-4273-8C42-66374B7B51BB} = {27437DD4-AA5F-48AA-8870-D29B094715BE}
		{7D18E9E0-2B46-4CCD-998A-0C88BB57BE54} = {39B7EE06-6A51-45F4-BB6D-C4D0E9207900}
		{B1C1DAF3-8700-482F-897F-B66178B35CEE} = {7D18E9E0-2B46-4CCD-998A-0C88BB57BE54}
		{58F10A3C-8814-4283-8537-893B46BC8FE8} = {27437DD4-AA5F-48AA-8870-D29B094715BE}
		{D24EAA15-F8AA-475E-9415-E7A3907CCA34} = {27437DD4-AA5F-48AA-8870-D29B094715BE}
		{555EAA80-39FA-4988-9B65-F064F551292E} = {39B7EE06-6A51-45F4-BB6D-C4D0E9207900}
		{C002DC43-6B31-4770-8763-E6F20555E705} = {555EAA80-39FA-4988-9B65-F064F551292E}
		{6BBB0979-47DC-41A2-9D7D-64A5CCEE50A0} = {555EAA80-39FA-4988-9B65-F064F551292E}
	EndGlobalSection
	GlobalSection(ExtensibilityGlobals) = postSolution
		SolutionGuid = {97AFF111-E1A8-4F88-88F8-C04D57D9DAD6}
	EndGlobalSection
EndGlobal
